
Microsoft Visual Studio Solution File, Format Version 12.00
# Visual Studio Version 17
VisualStudioVersion = 17.14.36518.9 d17.14
MinimumVisualStudioVersion = 10.0.40219.1
Project("{FAE04EC0-301F-11D3-BF4B-00C04F79EFBC}") = "CarDealershipAPI", "CarDealershipAPI\CarDealershipAPI.csproj", "{5FEF103B-B928-48AD-B840-2A61992B7571}"
EndProject
Global
	GlobalSection(SolutionConfigurationPlatforms) = preSolution
		Debug|Any CPU = Debug|Any CPU
		Release|Any CPU = Release|Any CPU
	EndGlobalSection
	GlobalSection(ProjectConfigurationPlatforms) = postSolution
		{5FEF103B-B928-48AD-B840-2A61992B7571}.Debug|Any CPU.ActiveCfg = Debug|Any CPU
		{5FEF103B-B928-48AD-B840-2A61992B7571}.Debug|Any CPU.Build.0 = Debug|Any CPU
		{5FEF103B-B928-48AD-B840-2A61992B7571}.Release|Any CPU.ActiveCfg = Release|Any CPU
		{5FEF103B-B928-48AD-B840-2A61992B7571}.Release|Any CPU.Build.0 = Release|Any CPU
	EndGlobalSection
	GlobalSection(SolutionProperties) = preSolution
		HideSolutionNode = FALSE
	EndGlobalSection
	GlobalSection(ExtensibilityGlobals) = postSolution
		SolutionGuid = {AB58A8FA-B19B-4509-9D5D-BEF492ADC044}
	EndGlobalSection
EndGlobal
